<?xml version="1.0" encoding="utf-8"?>
<Project ToolsVersion="4.0" xmlns="http://schemas.microsoft.com/developer/msbuild/2003">
  <ItemGroup>
    <Filter Include="Source Files">
      <UniqueIdentifier>{4FC737F1-C7A5-4376-A066-2A32D752A2FF}</UniqueIdentifier>
      <Extensions>cpp;c;cc;cxx;c++;cppm;ixx;def;odl;idl;hpj;bat;asm;asmx</Extensions>
    </Filter>
    <Filter Include="Header Files">
      <UniqueIdentifier>{93995380-89BD-4b04-88EB-625FBE52EBFB}</UniqueIdentifier>
      <Extensions>h;hh;hpp;hxx;h++;hm;inl;inc;ipp;xsd</Extensions>
    </Filter>
    <Filter Include="Resource Files">
      <UniqueIdentifier>{67DA6AB6-F800-4c08-8B7A-83BB121AAD01}</UniqueIdentifier>
      <Extensions>rc;ico;cur;bmp;dlg;rc2;rct;bin;rgs;gif;jpg;jpeg;jpe;resx;tiff;tif;png;wav;mfcribbon-ms</Extensions>
    </Filter>
  </ItemGroup>
  <ItemGroup>
    <ClCompile Include="KiemTraSoNguyenTo.cpp">
      <Filter>Source Files</Filter>
    </ClCompile>
    <ClCompile Include="SangSoNguyenTo.cpp">
      <Filter>Source Files</Filter>
    </ClCompile>
    <ClCompile Include="KiemTraSoNguyenToNhieuTest.cpp">
      <Filter>Source Files</Filter>
    </ClCompile>
    <ClCompile Include="SoNguyenToCoCacChuSoNguyenTo.cpp">
      <Filter>Source Files</Filter>
    </ClCompile>
    <ClCompile Include="GoldbachConjecture.cpp">
      <Filter>Source Files</Filter>
    </ClCompile>
    <ClCompile Include="SoThuanNguyenTo.cpp">
      <Filter>Source Files</Filter>
    </ClCompile>
    <ClCompile Include="CapSoNguyenToCungNhau.cpp">
      <Filter>Source Files</Filter>
    </ClCompile>
    <ClCompile Include="T_prime.cpp">
      <Filter>Source Files</Filter>
    </ClCompile>
    <ClCompile Include="T_prime2.cpp">
      <Filter>Source Files</Filter>
    </ClCompile>
    <ClCompile Include="DemUocCuaMotSoNguyenDuong.cpp">
      <Filter>Source Files</Filter>
    </ClCompile>
    <ClCompile Include="UocSoNguyenToNhoNhat.cpp">
      <Filter>Source Files</Filter>
    </ClCompile>
    <ClCompile Include="PhanTichThuaSoNguyenTo.cpp">
      <Filter>Source Files</Filter>
    </ClCompile>
    <ClCompile Include="bacCuaThuaSoNguyenToTrongN.cpp">
      <Filter>Source Files</Filter>
    </ClCompile>
    <ClCompile Include="SoSphenic.cpp">
      <Filter>Source Files</Filter>
    </ClCompile>
    <ClCompile Include="SoSmith.cpp">
      <Filter>Source Files</Filter>
    </ClCompile>
    <ClCompile Include="uocSoNguyenToLonNhat.cpp">
      <Filter>Source Files</Filter>
    </ClCompile>
    <ClCompile Include="binhPhuongNguyenTo1.cpp">
      <Filter>Source Files</Filter>
    </ClCompile>
    <ClCompile Include="soChinhPhuong.cpp">
      <Filter>Source Files</Filter>
    </ClCompile>
    <ClCompile Include="soChinhPhuongTrongDoan.cpp">
      <Filter>Source Files</Filter>
    </ClCompile>
    <ClCompile Include="soChinhPhuong3.cpp">
      <Filter>Source Files</Filter>
    </ClCompile>
    <ClCompile Include="tongUocSo.cpp">
      <Filter>Source Files</Filter>
    </ClCompile>
    <ClCompile Include="demSoLuongUocSoCuaSoNguyen2.cpp">
      <Filter>Source Files</Filter>
    </ClCompile>
    <ClCompile Include="soCoSoLuongUocLaSoLe.cpp">
      <Filter>Source Files</Filter>
    </ClCompile>
    <ClCompile Include="soHoanHao.cpp">
      <Filter>Source Files</Filter>
    </ClCompile>
    <ClCompile Include="SoLocPhat.cpp">
      <Filter>Source Files</Filter>
    </ClCompile>
    <ClCompile Include="soThuanNghichSoLocPhat.cpp">
      <Filter>Source Files</Filter>
    </ClCompile>
    <ClCompile Include="ChuSoCuoiCungLonNhat.cpp">
      <Filter>Source Files</Filter>
    </ClCompile>
    <ClCompile Include="SoNguyenToChuSoCuoiCungLonNhat.cpp">
      <Filter>Source Files</Filter>
    </ClCompile>
    <ClCompile Include="PhiHamEuler.cpp">
      <Filter>Source Files</Filter>
    </ClCompile>
    <ClCompile Include="test.cpp">
      <Filter>Source Files</Filter>
    </ClCompile>
    <ClCompile Include="thuaSoNguyenToThuK.cpp">
      <Filter>Source Files</Filter>
    </ClCompile>
    <ClCompile Include="lietKeChuSoNguyenTo.cpp">
      <Filter>Source Files</Filter>
    </ClCompile>
    <ClCompile Include="soNguyenDuongNhoNhatChiaHetChoxyz.cpp">
      <Filter>Source Files</Filter>
    </ClCompile>
    <ClCompile Include="uocChungLonNhatBoiChungNhoNhat.cpp">
      <Filter>Source Files</Filter>
    </ClCompile>
    <ClCompile Include="tamGiacPascal.cpp">
      <Filter>Source Files</Filter>
    </ClCompile>
    <ClCompile Include="luyThua.cpp">
      <Filter>Source Files</Filter>
    </ClCompile>
    <ClCompile Include="soLuongUocCuaN.cpp">
      <Filter>Source Files</Filter>
    </ClCompile>
    <ClCompile Include="tinhGiaTriCuaHamF.cpp">
      <Filter>Source Files</Filter>
    </ClCompile>
    <ClCompile Include="chuSoCuoiCung.cpp">
      <Filter>Source Files</Filter>
    </ClCompile>
    <ClCompile Include="soGanThuanNghich.cpp">
      <Filter>Source Files</Filter>
    </ClCompile>
    <ClCompile Include="HaiConMa.cpp">
      <Filter>Source Files</Filter>
    </ClCompile>
    <ClCompile Include="ExtendedEuclid.cpp">
      <Filter>Source Files</Filter>
    </ClCompile>
  </ItemGroup>
</Project>